{
  "requires": true,
  "lockfileVersion": 1,
  "dependencies": {
    "@babel/helper-plugin-utils": {
      "version": "7.0.0",
      "resolved": "https://registry.npmjs.org/@babel/helper-plugin-utils/-/helper-plugin-utils-7.0.0.tgz",
      "integrity": "sha512-CYAOUCARwExnEixLdB6sDm2dIJ/YgEAKDM1MOeMeZu9Ld/bDgVo8aiWrXwcY7OBh+1Ea2uUcVRcxKk0GJvW7QA=="
    },
    "@babel/plugin-syntax-export-default-from": {
      "version": "7.2.0",
      "resolved": "https://registry.npmjs.org/@babel/plugin-syntax-export-default-from/-/plugin-syntax-export-default-from-7.2.0.tgz",
      "integrity": "sha512-c7nqUnNST97BWPtoe+Ssi+fJukc9P9/JMZ71IOMNQWza2E+Psrd46N6AEvtw6pqK+gt7ChjXyrw4SPDO79f3Lw==",
      "requires": {
        "@babel/helper-plugin-utils": "7.0.0"
      }
    },
    "bulma": {
      "version": "0.7.4",
      "resolved": "https://registry.npmjs.org/bulma/-/bulma-0.7.4.tgz",
      "integrity": "sha512-krG2rP6eAX1WE0sf6O0SC/FUVSOBX4m1PBC2+GKLpb2pX0qanaDqcv9U2nu75egFrsHkI0zdWYuk/oGwoszVWg=="
    },
    "bulma-tagsinput": {
      "version": "2.0.0",
      "resolved": "https://registry.npmjs.org/bulma-tagsinput/-/bulma-tagsinput-2.0.0.tgz",
      "integrity": "sha512-BFvd0oaxgeWHOEh3d4cgETy5vpSSjRRBA9w+8TWEuhjFQg38Rb+3vjDCavL+udpdjf+dRV0SK5T4kYCXTOrz5A=="
    }
  }
}
